
Microsoft Visual Studio Solution File, Format Version 12.00
# Visual Studio 14
VisualStudioVersion = 14.0.25420.1
MinimumVisualStudioVersion = 10.0.40219.1
Project("{FAE04EC0-301F-11D3-BF4B-00C04F79EFBC}") = "Lippz.Droid", "Lippz\Lippz.Droid\Lippz.Droid.csproj", "{A28CCD35-0845-49D2-AF8B-CACA3EB5FF56}"
EndProject
Project("{FAE04EC0-301F-11D3-BF4B-00C04F79EFBC}") = "Lippz.iOS", "Lippz\Lippz.iOS\Lippz.iOS.csproj", "{1CD730AB-54A7-443B-AF59-8C4160807C5E}"
EndProject
Project("{FAE04EC0-301F-11D3-BF4B-00C04F79EFBC}") = "Lippz.WinPhone", "Lippz\Lippz.WinPhone\Lippz.WinPhone.csproj", "{BE8363CE-795B-473F-ADAC-EB16AB966372}"
EndProject
Project("{FAE04EC0-301F-11D3-BF4B-00C04F79EFBC}") = "Lippz", "Lippz\Lippz\Lippz.csproj", "{6FF5FCB7-1EDF-4E90-9632-5B52D667D52A}"
EndProject
Global
	GlobalSection(SolutionConfigurationPlatforms) = preSolution
		Debug|Any CPU = Debug|Any CPU
		Debug|ARM = Debug|ARM
		Debug|iPhone = Debug|iPhone
		Debug|iPhoneSimulator = Debug|iPhoneSimulator
		Debug|x86 = Debug|x86
		Release|Any CPU = Release|Any CPU
		Release|ARM = Release|ARM
		Release|iPhone = Release|iPhone
		Release|iPhoneSimulator = Release|iPhoneSimulator
		Release|x86 = Release|x86
	EndGlobalSection
	GlobalSection(ProjectConfigurationPlatforms) = postSolution
		{A28CCD35-0845-49D2-AF8B-CACA3EB5FF56}.Debug|Any CPU.ActiveCfg = Debug|Any CPU
		{A28CCD35-0845-49D2-AF8B-CACA3EB5FF56}.Debug|Any CPU.Build.0 = Debug|Any CPU
		{A28CCD35-0845-49D2-AF8B-CACA3EB5FF56}.Debug|Any CPU.Deploy.0 = Debug|Any CPU
		{A28CCD35-0845-49D2-AF8B-CACA3EB5FF56}.Debug|ARM.ActiveCfg = Debug|Any CPU
		{A28CCD35-0845-49D2-AF8B-CACA3EB5FF56}.Debug|ARM.Build.0 = Debug|Any CPU
		{A28CCD35-0845-49D2-AF8B-CACA3EB5FF56}.Debug|ARM.Deploy.0 = Debug|Any CPU
		{A28CCD35-0845-49D2-AF8B-CACA3EB5FF56}.Debug|iPhone.ActiveCfg = Debug|Any CPU
		{A28CCD35-0845-49D2-AF8B-CACA3EB5FF56}.Debug|iPhone.Build.0 = Debug|Any CPU
		{A28CCD35-0845-49D2-AF8B-CACA3EB5FF56}.Debug|iPhone.Deploy.0 = Debug|Any CPU
		{A28CCD35-0845-49D2-AF8B-CACA3EB5FF56}.Debug|iPhoneSimulator.ActiveCfg = Debug|Any CPU
		{A28CCD35-0845-49D2-AF8B-CACA3EB5FF56}.Debug|iPhoneSimulator.Build.0 = Debug|Any CPU
		{A28CCD35-0845-49D2-AF8B-CACA3EB5FF56}.Debug|iPhoneSimulator.Deploy.0 = Debug|Any CPU
		{A28CCD35-0845-49D2-AF8B-CACA3EB5FF56}.Debug|x86.ActiveCfg = Debug|Any CPU
		{A28CCD35-0845-49D2-AF8B-CACA3EB5FF56}.Debug|x86.Build.0 = Debug|Any CPU
		{A28CCD35-0845-49D2-AF8B-CACA3EB5FF56}.Debug|x86.Deploy.0 = Debug|Any CPU
		{A28CCD35-0845-49D2-AF8B-CACA3EB5FF56}.Release|Any CPU.ActiveCfg = Release|Any CPU
		{A28CCD35-0845-49D2-AF8B-CACA3EB5FF56}.Release|Any CPU.Build.0 = Release|Any CPU
		{A28CCD35-0845-49D2-AF8B-CACA3EB5FF56}.Release|Any CPU.Deploy.0 = Release|Any CPU
		{A28CCD35-0845-49D2-AF8B-CACA3EB5FF56}.Release|ARM.ActiveCfg = Release|Any CPU
		{A28CCD35-0845-49D2-AF8B-CACA3EB5FF56}.Release|ARM.Build.0 = Release|Any CPU
		{A28CCD35-0845-49D2-AF8B-CACA3EB5FF56}.Release|ARM.Deploy.0 = Release|Any CPU
		{A28CCD35-0845-49D2-AF8B-CACA3EB5FF56}.Release|iPhone.ActiveCfg = Release|Any CPU
		{A28CCD35-0845-49D2-AF8B-CACA3EB5FF56}.Release|iPhone.Build.0 = Release|Any CPU
		{A28CCD35-0845-49D2-AF8B-CACA3EB5FF56}.Release|iPhone.Deploy.0 = Release|Any CPU
		{A28CCD35-0845-49D2-AF8B-CACA3EB5FF56}.Release|iPhoneSimulator.ActiveCfg = Release|Any CPU
		{A28CCD35-0845-49D2-AF8B-CACA3EB5FF56}.Release|iPhoneSimulator.Build.0 = Release|Any CPU
		{A28CCD35-0845-49D2-AF8B-CACA3EB5FF56}.Release|iPhoneSimulator.Deploy.0 = Release|Any CPU
		{A28CCD35-0845-49D2-AF8B-CACA3EB5FF56}.Release|x86.ActiveCfg = Release|Any CPU
		{A28CCD35-0845-49D2-AF8B-CACA3EB5FF56}.Release|x86.Build.0 = Release|Any CPU
		{A28CCD35-0845-49D2-AF8B-CACA3EB5FF56}.Release|x86.Deploy.0 = Release|Any CPU
		{1CD730AB-54A7-443B-AF59-8C4160807C5E}.Debug|Any CPU.ActiveCfg = Debug|iPhone
		{1CD730AB-54A7-443B-AF59-8C4160807C5E}.Debug|ARM.ActiveCfg = Debug|iPhone
		{1CD730AB-54A7-443B-AF59-8C4160807C5E}.Debug|iPhone.ActiveCfg = Debug|iPhone
		{1CD730AB-54A7-443B-AF59-8C4160807C5E}.Debug|iPhone.Build.0 = Debug|iPhone
		{1CD730AB-54A7-443B-AF59-8C4160807C5E}.Debug|iPhoneSimulator.ActiveCfg = Debug|iPhoneSimulator
		{1CD730AB-54A7-443B-AF59-8C4160807C5E}.Debug|iPhoneSimulator.Build.0 = Debug|iPhoneSimulator
		{1CD730AB-54A7-443B-AF59-8C4160807C5E}.Debug|x86.ActiveCfg = Debug|iPhone
		{1CD730AB-54A7-443B-AF59-8C4160807C5E}.Release|Any CPU.ActiveCfg = Release|iPhone
		{1CD730AB-54A7-443B-AF59-8C4160807C5E}.Release|ARM.ActiveCfg = Release|iPhone
		{1CD730AB-54A7-443B-AF59-8C4160807C5E}.Release|iPhone.ActiveCfg = Release|iPhone
		{1CD730AB-54A7-443B-AF59-8C4160807C5E}.Release|iPhone.Build.0 = Release|iPhone
		{1CD730AB-54A7-443B-AF59-8C4160807C5E}.Release|iPhoneSimulator.ActiveCfg = Release|iPhoneSimulator
		{1CD730AB-54A7-443B-AF59-8C4160807C5E}.Release|iPhoneSimulator.Build.0 = Release|iPhoneSimulator
		{1CD730AB-54A7-443B-AF59-8C4160807C5E}.Release|x86.ActiveCfg = Release|iPhone
		{BE8363CE-795B-473F-ADAC-EB16AB966372}.Debug|Any CPU.ActiveCfg = Debug|Any CPU
		{BE8363CE-795B-473F-ADAC-EB16AB966372}.Debug|Any CPU.Build.0 = Debug|Any CPU
		{BE8363CE-795B-473F-ADAC-EB16AB966372}.Debug|Any CPU.Deploy.0 = Debug|Any CPU
		{BE8363CE-795B-473F-ADAC-EB16AB966372}.Debug|ARM.ActiveCfg = Debug|ARM
		{BE8363CE-795B-473F-ADAC-EB16AB966372}.Debug|ARM.Build.0 = Debug|ARM
		{BE8363CE-795B-473F-ADAC-EB16AB966372}.Debug|ARM.Deploy.0 = Debug|ARM
		{BE8363CE-795B-473F-ADAC-EB16AB966372}.Debug|iPhone.ActiveCfg = Debug|Any CPU
		{BE8363CE-795B-473F-ADAC-EB16AB966372}.Debug|iPhone.Build.0 = Debug|Any CPU
		{BE8363CE-795B-473F-ADAC-EB16AB966372}.Debug|iPhone.Deploy.0 = Debug|Any CPU
		{BE8363CE-795B-473F-ADAC-EB16AB966372}.Debug|iPhoneSimulator.ActiveCfg = Debug|Any CPU
		{BE8363CE-795B-473F-ADAC-EB16AB966372}.Debug|iPhoneSimulator.Build.0 = Debug|Any CPU
		{BE8363CE-795B-473F-ADAC-EB16AB966372}.Debug|iPhoneSimulator.Deploy.0 = Debug|Any CPU
		{BE8363CE-795B-473F-ADAC-EB16AB966372}.Debug|x86.ActiveCfg = Debug|x86
		{BE8363CE-795B-473F-ADAC-EB16AB966372}.Debug|x86.Build.0 = Debug|x86
		{BE8363CE-795B-473F-ADAC-EB16AB966372}.Debug|x86.Deploy.0 = Debug|x86
		{BE8363CE-795B-473F-ADAC-EB16AB966372}.Release|Any CPU.ActiveCfg = Release|Any CPU
		{BE8363CE-795B-473F-ADAC-EB16AB966372}.Release|Any CPU.Build.0 = Release|Any CPU
		{BE8363CE-795B-473F-ADAC-EB16AB966372}.Release|Any CPU.Deploy.0 = Release|Any CPU
		{BE8363CE-795B-473F-ADAC-EB16AB966372}.Release|ARM.ActiveCfg = Release|ARM
		{BE8363CE-795B-473F-ADAC-EB16AB966372}.Release|ARM.Build.0 = Release|ARM
		{BE8363CE-795B-473F-ADAC-EB16AB966372}.Release|ARM.Deploy.0 = Release|ARM
		{BE8363CE-795B-473F-ADAC-EB16AB966372}.Release|iPhone.ActiveCfg = Release|Any CPU
		{BE8363CE-795B-473F-ADAC-EB16AB966372}.Release|iPhone.Build.0 = Release|Any CPU
		{BE8363CE-795B-473F-ADAC-EB16AB966372}.Release|iPhone.Deploy.0 = Release|Any CPU
		{BE8363CE-795B-473F-ADAC-EB16AB966372}.Release|iPhoneSimulator.ActiveCfg = Release|Any CPU
		{BE8363CE-795B-473F-ADAC-EB16AB966372}.Release|iPhoneSimulator.Build.0 = Release|Any CPU
		{BE8363CE-795B-473F-ADAC-EB16AB966372}.Release|iPhoneSimulator.Deploy.0 = Release|Any CPU
		{BE8363CE-795B-473F-ADAC-EB16AB966372}.Release|x86.ActiveCfg = Release|x86
		{BE8363CE-795B-473F-ADAC-EB16AB966372}.Release|x86.Build.0 = Release|x86
		{BE8363CE-795B-473F-ADAC-EB16AB966372}.Release|x86.Deploy.0 = Release|x86
		{6FF5FCB7-1EDF-4E90-9632-5B52D667D52A}.Debug|Any CPU.ActiveCfg = Debug|Any CPU
		{6FF5FCB7-1EDF-4E90-9632-5B52D667D52A}.Debug|Any CPU.Build.0 = Debug|Any CPU
		{6FF5FCB7-1EDF-4E90-9632-5B52D667D52A}.Debug|ARM.ActiveCfg = Debug|Any CPU
		{6FF5FCB7-1EDF-4E90-9632-5B52D667D52A}.Debug|ARM.Build.0 = Debug|Any CPU
		{6FF5FCB7-1EDF-4E90-9632-5B52D667D52A}.Debug|iPhone.ActiveCfg = Debug|Any CPU
		{6FF5FCB7-1EDF-4E90-9632-5B52D667D52A}.Debug|iPhone.Build.0 = Debug|Any CPU
		{6FF5FCB7-1EDF-4E90-9632-5B52D667D52A}.Debug|iPhoneSimulator.ActiveCfg = Debug|Any CPU
		{6FF5FCB7-1EDF-4E90-9632-5B52D667D52A}.Debug|iPhoneSimulator.Build.0 = Debug|Any CPU
		{6FF5FCB7-1EDF-4E90-9632-5B52D667D52A}.Debug|x86.ActiveCfg = Debug|Any CPU
		{6FF5FCB7-1EDF-4E90-9632-5B52D667D52A}.Debug|x86.Build.0 = Debug|Any CPU
		{6FF5FCB7-1EDF-4E90-9632-5B52D667D52A}.Release|Any CPU.ActiveCfg = Release|Any CPU
		{6FF5FCB7-1EDF-4E90-9632-5B52D667D52A}.Release|Any CPU.Build.0 = Release|Any CPU
		{6FF5FCB7-1EDF-4E90-9632-5B52D667D52A}.Release|ARM.ActiveCfg = Release|Any CPU
		{6FF5FCB7-1EDF-4E90-9632-5B52D667D52A}.Release|ARM.Build.0 = Release|Any CPU
		{6FF5FCB7-1EDF-4E90-9632-5B52D667D52A}.Release|iPhone.ActiveCfg = Release|Any CPU
		{6FF5FCB7-1EDF-4E90-9632-5B52D667D52A}.Release|iPhone.Build.0 = Release|Any CPU
		{6FF5FCB7-1EDF-4E90-9632-5B52D667D52A}.Release|iPhoneSimulator.ActiveCfg = Release|Any CPU
		{6FF5FCB7-1EDF-4E90-9632-5B52D667D52A}.Release|iPhoneSimulator.Build.0 = Release|Any CPU
		{6FF5FCB7-1EDF-4E90-9632-5B52D667D52A}.Release|x86.ActiveCfg = Release|Any CPU
		{6FF5FCB7-1EDF-4E90-9632-5B52D667D52A}.Release|x86.Build.0 = Release|Any CPU
	EndGlobalSection
	GlobalSection(SolutionProperties) = preSolution
		HideSolutionNode = FALSE
	EndGlobalSection
EndGlobal
